
Microsoft Visual Studio Solution File, Format Version 12.00
# Visual Studio Version 16
VisualStudioVersion = 16.0.30503.244
MinimumVisualStudioVersion = 10.0.40219.1
Project("{FAE04EC0-301F-11D3-BF4B-00C04F79EFBC}") = "Comp Security", "Comp Security.csproj", "{FE2960FF-9AE2-457C-B55E-180BDEB9198A}"
EndProject
Global
	GlobalSection(SolutionConfigurationPlatforms) = preSolution
		Debug|Any CPU = Debug|Any CPU
		Release|Any CPU = Release|Any CPU
	EndGlobalSection
	GlobalSection(ProjectConfigurationPlatforms) = postSolution
		{FE2960FF-9AE2-457C-B55E-180BDEB9198A}.Debug|Any CPU.ActiveCfg = Debug|Any CPU
		{FE2960FF-9AE2-457C-B55E-180BDEB9198A}.Debug|Any CPU.Build.0 = Debug|Any CPU
		{FE2960FF-9AE2-457C-B55E-180BDEB9198A}.Release|Any CPU.ActiveCfg = Release|Any CPU
		{FE2960FF-9AE2-457C-B55E-180BDEB9198A}.Release|Any CPU.Build.0 = Release|Any CPU
	EndGlobalSection
	GlobalSection(SolutionProperties) = preSolution
		HideSolutionNode = FALSE
	EndGlobalSection
	GlobalSection(ExtensibilityGlobals) = postSolution
		SolutionGuid = {A911168C-AC0E-4D78-80FC-FE771609D7B0}
	EndGlobalSection
EndGlobal
